// !$*UTF8*$!
{
	archiveVersion = 1;
	classes = {
	};
	objectVersion = 50;
	objects = {

/* Begin PBXBuildFile section */
		C0589E182455F6B1005E4493 /* AppDelegate.swift in Sources */ = {isa = PBXBuildFile; fileRef = C0589E172455F6B1005E4493 /* AppDelegate.swift */; };
		C0589E1A2455F6B1005E4493 /* SceneDelegate.swift in Sources */ = {isa = PBXBuildFile; fileRef = C0589E192455F6B1005E4493 /* SceneDelegate.swift */; };
		C0589E1C2455F6B1005E4493 /* ViewController.swift in Sources */ = {isa = PBXBuildFile; fileRef = C0589E1B2455F6B1005E4493 /* ViewController.swift */; };
		C0589E1F2455F6B1005E4493 /* Main.storyboard in Resources */ = {isa = PBXBuildFile; fileRef = C0589E1D2455F6B1005E4493 /* Main.storyboard */; };
		C0589E212455F6B2005E4493 /* Assets.xcassets in Resources */ = {isa = PBXBuildFile; fileRef = C0589E202455F6B2005E4493 /* Assets.xcassets */; };
		C0589E242455F6B2005E4493 /* LaunchScreen.storyboard in Resources */ = {isa = PBXBuildFile; fileRef = C0589E222455F6B2005E4493 /* LaunchScreen.storyboard */; };
		C0589E2C2455F7AD005E4493 /* CollectionViewCell.swift in Sources */ = {isa = PBXBuildFile; fileRef = C0589E2B2455F7AD005E4493 /* CollectionViewCell.swift */; };
		C0589E2F2455F8BF005E4493 /* nssl.jpeg in Resources */ = {isa = PBXBuildFile; fileRef = C0589E2E2455F8BF005E4493 /* nssl.jpeg */; };
		C0A146F12459D0380052B8DA /* Track.swift in Sources */ = {isa = PBXBuildFile; fileRef = C0A146F02459D0380052B8DA /* Track.swift */; };
		C0A146F32459DE640052B8DA /* MusicService.swift in Sources */ = {isa = PBXBuildFile; fileRef = C0A146F22459DE640052B8DA /* MusicService.swift */; };
		C0A146F52459DF5E0052B8DA /* AddMusicViewController.swift in Sources */ = {isa = PBXBuildFile; fileRef = C0A146F42459DF5E0052B8DA /* AddMusicViewController.swift */; };
		C0A146FD2459E4B30052B8DA /* TrackTableViewCell.swift in Sources */ = {isa = PBXBuildFile; fileRef = C0A146FC2459E4B30052B8DA /* TrackTableViewCell.swift */; };
/* End PBXBuildFile section */

/* Begin PBXFileReference section */
		C0589E142455F6B1005E4493 /* Lab_Ios_12.app */ = {isa = PBXFileReference; explicitFileType = wrapper.application; includeInIndex = 0; path = Lab_Ios_12.app; sourceTree = BUILT_PRODUCTS_DIR; };
		C0589E172455F6B1005E4493 /* AppDelegate.swift */ = {isa = PBXFileReference; lastKnownFileType = sourcecode.swift; path = AppDelegate.swift; sourceTree = "<group>"; };
		C0589E192455F6B1005E4493 /* SceneDelegate.swift */ = {isa = PBXFileReference; lastKnownFileType = sourcecode.swift; path = SceneDelegate.swift; sourceTree = "<group>"; };
		C0589E1B2455F6B1005E4493 /* ViewController.swift */ = {isa = PBXFileReference; lastKnownFileType = sourcecode.swift; path = ViewController.swift; sourceTree = "<group>"; };
		C0589E1E2455F6B1005E4493 /* Base */ = {isa = PBXFileReference; lastKnownFileType = file.storyboard; name = Base; path = Base.lproj/Main.storyboard; sourceTree = "<group>"; };
		C0589E202455F6B2005E4493 /* Assets.xcassets */ = {isa = PBXFileReference; lastKnownFileType = folder.assetcatalog; path = Assets.xcassets; sourceTree = "<group>"; };
		C0589E232455F6B2005E4493 /* Base */ = {isa = PBXFileReference; lastKnownFileType = file.storyboard; name = Base; path = Base.lproj/LaunchScreen.storyboard; sourceTree = "<group>"; };
		C0589E252455F6B2005E4493 /* Info.plist */ = {isa = PBXFileReference; lastKnownFileType = text.plist.xml; path = Info.plist; sourceTree = "<group>"; };
		C0589E2B2455F7AD005E4493 /* CollectionViewCell.swift */ = {isa = PBXFileReference; lastKnownFileType = sourcecode.swift; path = CollectionViewCell.swift; sourceTree = "<group>"; };
		C0589E2E2455F8BF005E4493 /* nssl.jpeg */ = {isa = PBXFileReference; lastKnownFileType = image.jpeg; path = nssl.jpeg; sourceTree = "<group>"; };
		C0A146F02459D0380052B8DA /* Track.swift */ = {isa = PBXFileReference; lastKnownFileType = sourcecode.swift; path = Track.swift; sourceTree = "<group>"; };
		C0A146F22459DE640052B8DA /* MusicService.swift */ = {isa = PBXFileReference; lastKnownFileType = sourcecode.swift; path = MusicService.swift; sourceTree = "<group>"; };
		C0A146F42459DF5E0052B8DA /* AddMusicViewController.swift */ = {isa = PBXFileReference; lastKnownFileType = sourcecode.swift; path = AddMusicViewController.swift; sourceTree = "<group>"; };
		C0A146FC2459E4B30052B8DA /* TrackTableViewCell.swift */ = {isa = PBXFileReference; lastKnownFileType = sourcecode.swift; path = TrackTableViewCell.swift; sourceTree = "<group>"; };
/* End PBXFileReference section */

/* Begin PBXFrameworksBuildPhase section */
		C0589E112455F6B1005E4493 /* Frameworks */ = {
			isa = PBXFrameworksBuildPhase;
			buildActionMask = 2147483647;
			files = (
			);
			runOnlyForDeploymentPostprocessing = 0;
		};
/* End PBXFrameworksBuildPhase section */

/* Begin PBXGroup section */
		C0589E0B2455F6B1005E4493 = {
			isa = PBXGroup;
			children = (
				C0589E162455F6B1005E4493 /* Lab_Ios_12 */,
				C0589E152455F6B1005E4493 /* Products */,
			);
			sourceTree = "<group>";
		};
		C0589E152455F6B1005E4493 /* Products */ = {
			isa = PBXGroup;
			children = (
				C0589E142455F6B1005E4493 /* Lab_Ios_12.app */,
			);
			name = Products;
			sourceTree = "<group>";
		};
		C0589E162455F6B1005E4493 /* Lab_Ios_12 */ = {
			isa = PBXGroup;
			children = (
				C0589E172455F6B1005E4493 /* AppDelegate.swift */,
				C0589E192455F6B1005E4493 /* SceneDelegate.swift */,
				C0589E1B2455F6B1005E4493 /* ViewController.swift */,
				C0589E1D2455F6B1005E4493 /* Main.storyboard */,
				C0589E202455F6B2005E4493 /* Assets.xcassets */,
				C0589E222455F6B2005E4493 /* LaunchScreen.storyboard */,
				C0589E252455F6B2005E4493 /* Info.plist */,
				C0589E2B2455F7AD005E4493 /* CollectionViewCell.swift */,
				C0589E2D2455F8BF005E4493 /* Content */,
				C0A146F02459D0380052B8DA /* Track.swift */,
				C0A146F22459DE640052B8DA /* MusicService.swift */,
				C0A146F42459DF5E0052B8DA /* AddMusicViewController.swift */,
				C0A146FC2459E4B30052B8DA /* TrackTableViewCell.swift */,
			);
			path = Lab_Ios_12;
			sourceTree = "<group>";
		};
		C0589E2D2455F8BF005E4493 /* Content */ = {
			isa = PBXGroup;
			children = (
				C0589E2E2455F8BF005E4493 /* nssl.jpeg */,
			);
			path = Content;
			sourceTree = "<group>";
		};
/* End PBXGroup section */

/* Begin PBXNativeTarget section */
		C0589E132455F6B1005E4493 /* Lab_Ios_12 */ = {
			isa = PBXNativeTarget;
			buildConfigurationList = C0589E282455F6B2005E4493 /* Build configuration list for PBXNativeTarget "Lab_Ios_12" */;
			buildPhases = (
				C0589E102455F6B1005E4493 /* Sources */,
				C0589E112455F6B1005E4493 /* Frameworks */,
				C0589E122455F6B1005E4493 /* Resources */,
			);
			buildRules = (
			);
			dependencies = (
			);
			name = Lab_Ios_12;
			productName = Lab_Ios_12;
			productReference = C0589E142455F6B1005E4493 /* Lab_Ios_12.app */;
			productType = "com.apple.product-type.application";
		};
/* End PBXNativeTarget section */

/* Begin PBXProject section */
		C0589E0C2455F6B1005E4493 /* Project object */ = {
			isa = PBXProject;
			attributes = {
				KnownAssetTags = (
					New,
				);
				LastSwiftUpdateCheck = 1130;
				LastUpgradeCheck = 1130;
				ORGANIZATIONNAME = "Шынгыс";
				TargetAttributes = {
					C0589E132455F6B1005E4493 = {
						CreatedOnToolsVersion = 11.3.1;
					};
				};
			};
			buildConfigurationList = C0589E0F2455F6B1005E4493 /* Build configuration list for PBXProject "Lab_Ios_12" */;
			compatibilityVersion = "Xcode 9.3";
			developmentRegion = en;
			hasScannedForEncodings = 0;
			knownRegions = (
				en,
				Base,
			);
			mainGroup = C0589E0B2455F6B1005E4493;
			productRefGroup = C0589E152455F6B1005E4493 /* Products */;
			projectDirPath = "";
			projectRoot = "";
			targets = (
				C0589E132455F6B1005E4493 /* Lab_Ios_12 */,
			);
		};
/* End PBXProject section */

/* Begin PBXResourcesBuildPhase section */
		C0589E122455F6B1005E4493 /* Resources */ = {
			isa = PBXResourcesBuildPhase;
			buildActionMask = 2147483647;
			files = (
				C0589E242455F6B2005E4493 /* LaunchScreen.storyboard in Resources */,
				C0589E2F2455F8BF005E4493 /* nssl.jpeg in Resources */,
				C0589E212455F6B2005E4493 /* Assets.xcassets in Resources */,
				C0589E1F2455F6B1005E4493 /* Main.storyboard in Resources */,
			);
			runOnlyForDeploymentPostprocessing = 0;
		};
/* End PBXResourcesBuildPhase section */

/* Begin PBXSourcesBuildPhase section */
		C0589E102455F6B1005E4493 /* Sources */ = {
			isa = PBXSourcesBuildPhase;
			buildActionMask = 2147483647;
			files = (
				C0589E1C2455F6B1005E4493 /* ViewController.swift in Sources */,
				C0A146F52459DF5E0052B8DA /* AddMusicViewController.swift in Sources */,
				C0A146F32459DE640052B8DA /* MusicService.swift in Sources */,
				C0A146FD2459E4B30052B8DA /* TrackTableViewCell.swift in Sources */,
				C0A146F12459D0380052B8DA /* Track.swift in Sources */,
				C0589E182455F6B1005E4493 /* AppDelegate.swift in Sources */,
				C0589E2C2455F7AD005E4493 /* CollectionViewCell.swift in Sources */,
				C0589E1A2455F6B1005E4493 /* SceneDelegate.swift in Sources */,
			);
			runOnlyForDeploymentPostprocessing = 0;
		};
/* End PBXSourcesBuildPhase section */

/* Begin PBXVariantGroup section */
		C0589E1D2455F6B1005E4493 /* Main.storyboard */ = {
			isa = PBXVariantGroup;
			children = (
				C0589E1E2455F6B1005E4493 /* Base */,
			);
			name = Main.storyboard;
			sourceTree = "<group>";
		};
		C0589E222455F6B2005E4493 /* LaunchScreen.storyboard */ = {
			isa = PBXVariantGroup;
			children = (
				C0589E232455F6B2005E4493 /* Base */,
			);
			name = LaunchScreen.storyboard;
			sourceTree = "<group>";
		};
/* End PBXVariantGroup section */

/* Begin XCBuildConfiguration section */
		C0589E262455F6B2005E4493 /* Debug */ = {
			isa = XCBuildConfiguration;
			buildSettings = {
				ALWAYS_SEARCH_USER_PATHS = NO;
				CLANG_ANALYZER_NONNULL = YES;
				CLANG_ANALYZER_NUMBER_OBJECT_CONVERSION = YES_AGGRESSIVE;
				CLANG_CXX_LANGUAGE_STANDARD = "gnu++14";
				CLANG_CXX_LIBRARY = "libc++";
				CLANG_ENABLE_MODULES = YES;
				CLANG_ENABLE_OBJC_ARC = YES;
				CLANG_ENABLE_OBJC_WEAK = YES;
				CLANG_WARN_BLOCK_CAPTURE_AUTORELEASING = YES;
				CLANG_WARN_BOOL_CONVERSION = YES;
				CLANG_WARN_COMMA = YES;
				CLANG_WARN_CONSTANT_CONVERSION = YES;
				CLANG_WARN_DEPRECATED_OBJC_IMPLEMENTATIONS = YES;
				CLANG_WARN_DIRECT_OBJC_ISA_USAGE = YES_ERROR;
				CLANG_WARN_DOCUMENTATION_COMMENTS = YES;
				CLANG_WARN_EMPTY_BODY = YES;
				CLANG_WARN_ENUM_CONVERSION = YES;
				CLANG_WARN_INFINITE_RECURSION = YES;
				CLANG_WARN_INT_CONVERSION = YES;
				CLANG_WARN_NON_LITERAL_NULL_CONVERSION = YES;
				CLANG_WARN_OBJC_IMPLICIT_RETAIN_SELF = YES;
				CLANG_WARN_OBJC_LITERAL_CONVERSION = YES;
				CLANG_WARN_OBJC_ROOT_CLASS = YES_ERROR;
				CLANG_WARN_RANGE_LOOP_ANALYSIS = YES;
				CLANG_WARN_STRICT_PROTOTYPES = YES;
				CLANG_WARN_SUSPICIOUS_MOVE = YES;
				CLANG_WARN_UNGUARDED_AVAILABILITY = YES_AGGRESSIVE;
				CLANG_WARN_UNREACHABLE_CODE = YES;
				CLANG_WARN__DUPLICATE_METHOD_MATCH = YES;
				COPY_PHASE_STRIP = NO;
				DEBUG_INFORMATION_FORMAT = dwarf;
				ENABLE_STRICT_OBJC_MSGSEND = YES;
				ENABLE_TESTABILITY = YES;
				GCC_C_LANGUAGE_STANDARD = gnu11;
				GCC_DYNAMIC_NO_PIC = NO;
				GCC_NO_COMMON_BLOCKS = YES;
				GCC_OPTIMIZATION_LEVEL = 0;
				GCC_PREPROCESSOR_DEFINITIONS = (
					"DEBUG=1",
					"$(inherited)",
				);
				GCC_WARN_64_TO_32_BIT_CONVERSION = YES;
				GCC_WARN_ABOUT_RETURN_TYPE = YES_ERROR;
				GCC_WARN_UNDECLARED_SELECTOR = YES;
				GCC_WARN_UNINITIALIZED_AUTOS = YES_AGGRESSIVE;
				GCC_WARN_UNUSED_FUNCTION = YES;
				GCC_WARN_UNUSED_VARIABLE = YES;
				IPHONEOS_DEPLOYMENT_TARGET = 13.2;
				MTL_ENABLE_DEBUG_INFO = INCLUDE_SOURCE;
				MTL_FAST_MATH = YES;
				ONLY_ACTIVE_ARCH = YES;
				SDKROOT = iphoneos;
				SWIFT_ACTIVE_COMPILATION_CONDITIONS = DEBUG;
				SWIFT_OPTIMIZATION_LEVEL = "-Onone";
			};
			name = Debug;
		};
		C0589E272455F6B2005E4493 /* Release */ = {
			isa = XCBuildConfiguration;
			buildSettings = {
				ALWAYS_SEARCH_USER_PATHS = NO;
				CLANG_ANALYZER_NONNULL = YES;
				CLANG_ANALYZER_NUMBER_OBJECT_CONVERSION = YES_AGGRESSIVE;
				CLANG_CXX_LANGUAGE_STANDARD = "gnu++14";
				CLANG_CXX_LIBRARY = "libc++";
				CLANG_ENABLE_MODULES = YES;
				CLANG_ENABLE_OBJC_ARC = YES;
				CLANG_ENABLE_OBJC_WEAK = YES;
				CLANG_WARN_BLOCK_CAPTURE_AUTORELEASING = YES;
				CLANG_WARN_BOOL_CONVERSION = YES;
				CLANG_WARN_COMMA = YES;
				CLANG_WARN_CONSTANT_CONVERSION = YES;
				CLANG_WARN_DEPRECATED_OBJC_IMPLEMENTATIONS = YES;
				CLANG_WARN_DIRECT_OBJC_ISA_USAGE = YES_ERROR;
				CLANG_WARN_DOCUMENTATION_COMMENTS = YES;
				CLANG_WARN_EMPTY_BODY = YES;
				CLANG_WARN_ENUM_CONVERSION = YES;
				CLANG_WARN_INFINITE_RECURSION = YES;
				CLANG_WARN_INT_CONVERSION = YES;
				CLANG_WARN_NON_LITERAL_NULL_CONVERSION = YES;
				CLANG_WARN_OBJC_IMPLICIT_RETAIN_SELF = YES;
				CLANG_WARN_OBJC_LITERAL_CONVERSION = YES;
				CLANG_WARN_OBJC_ROOT_CLASS = YES_ERROR;
				CLANG_WARN_RANGE_LOOP_ANALYSIS = YES;
				CLANG_WARN_STRICT_PROTOTYPES = YES;
				CLANG_WARN_SUSPICIOUS_MOVE = YES;
				CLANG_WARN_UNGUARDED_AVAILABILITY = YES_AGGRESSIVE;
				CLANG_WARN_UNREACHABLE_CODE = YES;
				CLANG_WARN__DUPLICATE_METHOD_MATCH = YES;
				COPY_PHASE_STRIP = NO;
				DEBUG_INFORMATION_FORMAT = "dwarf-with-dsym";
				ENABLE_NS_ASSERTIONS = NO;
				ENABLE_STRICT_OBJC_MSGSEND = YES;
				GCC_C_LANGUAGE_STANDARD = gnu11;
				GCC_NO_COMMON_BLOCKS = YES;
				GCC_WARN_64_TO_32_BIT_CONVERSION = YES;
				GCC_WARN_ABOUT_RETURN_TYPE = YES_ERROR;
				GCC_WARN_UNDECLARED_SELECTOR = YES;
				GCC_WARN_UNINITIALIZED_AUTOS = YES_AGGRESSIVE;
				GCC_WARN_UNUSED_FUNCTION = YES;
				GCC_WARN_UNUSED_VARIABLE = YES;
				IPHONEOS_DEPLOYMENT_TARGET = 13.2;
				MTL_ENABLE_DEBUG_INFO = NO;
				MTL_FAST_MATH = YES;
				SDKROOT = iphoneos;
				SWIFT_COMPILATION_MODE = wholemodule;
				SWIFT_OPTIMIZATION_LEVEL = "-O";
				VALIDATE_PRODUCT = YES;
			};
			name = Release;
		};
		C0589E292455F6B2005E4493 /* Debug */ = {
			isa = XCBuildConfiguration;
			buildSettings = {
				ASSETCATALOG_COMPILER_APPICON_NAME = AppIcon;
				CODE_SIGN_IDENTITY = "Apple Development";
				CODE_SIGN_STYLE = Automatic;
				DEVELOPMENT_TEAM = QNG7SLQWJ2;
				INFOPLIST_FILE = Lab_Ios_12/Info.plist;
				LD_RUNPATH_SEARCH_PATHS = (
					"$(inherited)",
					"@executable_path/Frameworks",
				);
				PRODUCT_BUNDLE_IDENTIFIER = "KBTU.Lab-Ios-12";
				PRODUCT_NAME = "$(TARGET_NAME)";
				PROVISIONING_PROFILE_SPECIFIER = "";
				SWIFT_VERSION = 5.0;
				TARGETED_DEVICE_FAMILY = "1,2";
			};
			name = Debug;
		};
		C0589E2A2455F6B2005E4493 /* Release */ = {
			isa = XCBuildConfiguration;
			buildSettings = {
				ASSETCATALOG_COMPILER_APPICON_NAME = AppIcon;
				CODE_SIGN_IDENTITY = "Apple Development";
				CODE_SIGN_STYLE = Automatic;
				DEVELOPMENT_TEAM = QNG7SLQWJ2;
				INFOPLIST_FILE = Lab_Ios_12/Info.plist;
				LD_RUNPATH_SEARCH_PATHS = (
					"$(inherited)",
					"@executable_path/Frameworks",
				);
				PRODUCT_BUNDLE_IDENTIFIER = "KBTU.Lab-Ios-12";
				PRODUCT_NAME = "$(TARGET_NAME)";
				PROVISIONING_PROFILE_SPECIFIER = "";
				SWIFT_VERSION = 5.0;
				TARGETED_DEVICE_FAMILY = "1,2";
			};
			name = Release;
		};
/* End XCBuildConfiguration section */

/* Begin XCConfigurationList section */
		C0589E0F2455F6B1005E4493 /* Build configuration list for PBXProject "Lab_Ios_12" */ = {
			isa = XCConfigurationList;
			buildConfigurations = (
				C0589E262455F6B2005E4493 /* Debug */,
				C0589E272455F6B2005E4493 /* Release */,
			);
			defaultConfigurationIsVisible = 0;
			defaultConfigurationName = Release;
		};
		C0589E282455F6B2005E4493 /* Build configuration list for PBXNativeTarget "Lab_Ios_12" */ = {
			isa = XCConfigurationList;
			buildConfigurations = (
				C0589E292455F6B2005E4493 /* Debug */,
				C0589E2A2455F6B2005E4493 /* Release */,
			);
			defaultConfigurationIsVisible = 0;
			defaultConfigurationName = Release;
		};
/* End XCConfigurationList section */
	};
	rootObject = C0589E0C2455F6B1005E4493 /* Project object */;
}
